
Microsoft Visual Studio Solution File, Format Version 12.00
# Visual Studio Version 17
VisualStudioVersion = 17.7.34202.233
MinimumVisualStudioVersion = 10.0.40219.1
Project("{FAE04EC0-301F-11D3-BF4B-00C04F79EFBC}") = "NeuralNetworks", "NeuralNetworks\NeuralNetworks.csproj", "{09E40A03-1F94-4E96-97CA-06067CA558DE}"
EndProject
Global
	GlobalSection(SolutionConfigurationPlatforms) = preSolution
		Debug|Any CPU = Debug|Any CPU
		Release|Any CPU = Release|Any CPU
	EndGlobalSection
	GlobalSection(ProjectConfigurationPlatforms) = postSolution
		{09E40A03-1F94-4E96-97CA-06067CA558DE}.Debug|Any CPU.ActiveCfg = Debug|Any CPU
		{09E40A03-1F94-4E96-97CA-06067CA558DE}.Debug|Any CPU.Build.0 = Debug|Any CPU
		{09E40A03-1F94-4E96-97CA-06067CA558DE}.Release|Any CPU.ActiveCfg = Release|Any CPU
		{09E40A03-1F94-4E96-97CA-06067CA558DE}.Release|Any CPU.Build.0 = Release|Any CPU
	EndGlobalSection
	GlobalSection(SolutionProperties) = preSolution
		HideSolutionNode = FALSE
	EndGlobalSection
	GlobalSection(ExtensibilityGlobals) = postSolution
		SolutionGuid = {8EE6C721-1D22-4154-888A-7E2DE171888B}
	EndGlobalSection
EndGlobal
